// !$*UTF8*$!
{
	archiveVersion = 1;
	classes = {
	};
	objectVersion = 46;
	objects = {

/* Begin PBXBuildFile section */
		0C24DE614C649C7719E91987 /* boost_chrono in Link Binary With Libraries */ = {isa = PBXBuildFile; fileRef = 86B0E9AB51DBDF1F58177C9E /* boost_chrono */; };
		0C6D4628EE0B0D1479A20551 /* AGL.framework in Link Binary With Libraries */ = {isa = PBXBuildFile; fileRef = C6766F86E49E9C8701C8E637 /* AGL.framework */; };
		0ED0F523C50DC646B16873CB /* zmq in Link Binary With Libraries */ = {isa = PBXBuildFile; fileRef = FB5708641CFDCC3AD69F3FBB /* zmq */; };
		26C2BED6C570C95F5243C556 /* moc_mainwindow.cpp in Compile Sources */ = {isa = PBXBuildFile; fileRef = 336D3C48DD3B44974395C633 /* moc_mainwindow.cpp */; settings = {ATTRIBUTES = (); }; };
		28E843596E16153285E32718 /* boost_thread in Link Binary With Libraries */ = {isa = PBXBuildFile; fileRef = 87D1DEA4CC5667FE07E001AB /* boost_thread */; };
		2B093CA6F071B023A473CED0 /* main.cpp in Compile Sources */ = {isa = PBXBuildFile; fileRef = 118FCBAABA162BA17933C789 /* main.cpp */; settings = {ATTRIBUTES = (); }; };
		2CE32CCF9B4B54B722DB0586 /* graphwidget.cpp in Compile Sources */ = {isa = PBXBuildFile; fileRef = EA8AA3188D3799C82A36FB92 /* graphwidget.cpp */; settings = {ATTRIBUTES = (); }; };
		31015A0AACB4233E9949C5ED /* memcached in Link Binary With Libraries */ = {isa = PBXBuildFile; fileRef = 33C33F209F23A93AF2BD438E /* memcached */; };
		462C0F34BBEF2375A9469BB5 /* mainwindow.cpp in Compile Sources */ = {isa = PBXBuildFile; fileRef = EA177DE95BF7D3EF58EE43F7 /* mainwindow.cpp */; settings = {ATTRIBUTES = (); }; };
		4ABF3CA04168A2AB5B98293C /* controldialog.cpp in Compile Sources */ = {isa = PBXBuildFile; fileRef = AB5B824FAF082185CF18F8F8 /* controldialog.cpp */; settings = {ATTRIBUTES = (); }; };
		4DBDBC6AC92B4D1176F56088 /* QtGui.framework in Link Binary With Libraries */ = {isa = PBXBuildFile; fileRef = 23ECC4A8566358E181B28D06 /* QtGui.framework */; };
		666F963CE1BCE9F05339411C /* boost_regex in Link Binary With Libraries */ = {isa = PBXBuildFile; fileRef = 0233ADB325B8F53F3A18D1BD /* boost_regex */; };
		726ACFB8C74D6FFED89BFA56 /* moc_controldialog.cpp in Compile Sources */ = {isa = PBXBuildFile; fileRef = C0F0D2410C5D9EB2E253EA63 /* moc_controldialog.cpp */; settings = {ATTRIBUTES = (); }; };
		7ECE525989C64911C0DE1F2B /* qwt.framework in Link Binary With Libraries */ = {isa = PBXBuildFile; fileRef = B09F2C9236C82340747A51D3 /* qwt.framework */; };
		818AB02C280B3E491A6551B9 /* boost_log in Link Binary With Libraries */ = {isa = PBXBuildFile; fileRef = 3DE7D8D1E3A1CF8768555446 /* boost_log */; };
		87C044B0ED468B8666319545 /* QtSvg.framework in Link Binary With Libraries */ = {isa = PBXBuildFile; fileRef = 5137C2D53911686536EAEE1A /* QtSvg.framework */; };
		8D64E8DD7E11A5D6B8F916AC /* boost_program_options in Link Binary With Libraries */ = {isa = PBXBuildFile; fileRef = 40C7A517A5B00AED00991D8C /* boost_program_options */; };
		8E06515896373D4397237CE0 /* mpio in Link Binary With Libraries */ = {isa = PBXBuildFile; fileRef = 663F036346DB7258F08D5C0A /* mpio */; };
		93CA65C32263A6AB0CF0AE7C /* msgpack in Link Binary With Libraries */ = {isa = PBXBuildFile; fileRef = C55573AC0456738AD7D2DD1B /* msgpack */; };
		9473918DB584B6F3E28EC87E /* msgpack-rpc in Link Binary With Libraries */ = {isa = PBXBuildFile; fileRef = E7679BB0BBE8C577C2559B26 /* msgpack-rpc */; };
		9DD643A8F078B2C129E06787 /* boost_system in Link Binary With Libraries */ = {isa = PBXBuildFile; fileRef = 222626FC1276ED4FE5C5E34B /* boost_system */; };
		A60BEF943CE47382D0407BEB /* moc_graphwidget.cpp in Compile Sources */ = {isa = PBXBuildFile; fileRef = 75B7801174E07113E82F8DD5 /* moc_graphwidget.cpp */; settings = {ATTRIBUTES = (); }; };
		A98F940185B5DF4E0D616856 /* boost_log_setup in Link Binary With Libraries */ = {isa = PBXBuildFile; fileRef = 5A7073D6201C1F25FE84DB14 /* boost_log_setup */; };
		B3E60CC05340248F286D55D3 /* event in Link Binary With Libraries */ = {isa = PBXBuildFile; fileRef = DEA4833DDA29F284CD01DD07 /* event */; };
		BCEF71E1EDFB18DA77DC750B /* OpenGL.framework in Link Binary With Libraries */ = {isa = PBXBuildFile; fileRef = DA18A6831232F53228631AD1 /* OpenGL.framework */; };
		EA7069B69CE1A3244DBBE3C6 /* QtCore.framework in Link Binary With Libraries */ = {isa = PBXBuildFile; fileRef = 1AC1CA0EC98364A65C1EC16B /* QtCore.framework */; };
		F3699839ABDC9D525E21A2CC /* QtWidgets.framework in Link Binary With Libraries */ = {isa = PBXBuildFile; fileRef = B57EEF48C4E3E4A1958C8A97 /* QtWidgets.framework */; };
		FE187FC77F663AE20A7C7249 /* boost_filesystem in Link Binary With Libraries */ = {isa = PBXBuildFile; fileRef = 92D792C2D5EAB21ADBC2D96C /* boost_filesystem */; };
/* End PBXBuildFile section */

/* Begin PBXFileReference section */
		0233ADB325B8F53F3A18D1BD /* boost_regex */ = {isa = PBXFileReference; lastKnownFileType = "compiled.mach-o.dylib"; name = boost_regex; path = ../../usr/local/lib/libboost_regex.dylib; sourceTree = "<absolute>"; };
		0AE2408B4962B8547E94DE47 /* controldialog.h */ = {isa = PBXFileReference; lastKnownFileType = sourcecode.c.h; path = controldialog.h; sourceTree = "<absolute>"; };
		118FCBAABA162BA17933C789 /* main.cpp */ = {isa = PBXFileReference; lastKnownFileType = sourcecode.cpp.cpp; path = main.cpp; sourceTree = "<absolute>"; };
		1AC1CA0EC98364A65C1EC16B /* QtCore.framework */ = {isa = PBXFileReference; lastKnownFileType = wrapper.framework; name = QtCore.framework; path = /Users/bisegni/Qt/5.1.0/clang_64/lib/QtCore.framework; sourceTree = "<absolute>"; };
		222626FC1276ED4FE5C5E34B /* boost_system */ = {isa = PBXFileReference; lastKnownFileType = "compiled.mach-o.dylib"; name = boost_system; path = ../../usr/local/lib/libboost_system.dylib; sourceTree = "<absolute>"; };
		23ECC4A8566358E181B28D06 /* QtGui.framework */ = {isa = PBXFileReference; lastKnownFileType = wrapper.framework; name = QtGui.framework; path = /Users/bisegni/Qt/5.1.0/clang_64/lib/QtGui.framework; sourceTree = "<absolute>"; };
		2728F1351D52A63F6CEFD07C /* UIToolkitTest.pro */ = {isa = PBXFileReference; lastKnownFileType = text; path = UIToolkitTest.pro; sourceTree = "<absolute>"; };
		32DC4ACB17903934005F1696 /* testui.entitlements */ = {isa = PBXFileReference; lastKnownFileType = text.xml; path = testui.entitlements; sourceTree = SOURCE_ROOT; };
		336D3C48DD3B44974395C633 /* moc_mainwindow.cpp */ = {isa = PBXFileReference; lastKnownFileType = sourcecode.cpp.cpp; path = moc_mainwindow.cpp; sourceTree = "<absolute>"; };
		33C33F209F23A93AF2BD438E /* memcached */ = {isa = PBXFileReference; lastKnownFileType = "compiled.mach-o.dylib"; name = memcached; path = ../../usr/local/lib/libmemcached.dylib; sourceTree = "<absolute>"; };
		3DE7D8D1E3A1CF8768555446 /* boost_log */ = {isa = PBXFileReference; lastKnownFileType = "compiled.mach-o.dylib"; name = boost_log; path = ../../usr/local/lib/libboost_log.dylib; sourceTree = "<absolute>"; };
		40C7A517A5B00AED00991D8C /* boost_program_options */ = {isa = PBXFileReference; lastKnownFileType = "compiled.mach-o.dylib"; name = boost_program_options; path = ../../usr/local/lib/libboost_program_options.dylib; sourceTree = "<absolute>"; };
		5137C2D53911686536EAEE1A /* QtSvg.framework */ = {isa = PBXFileReference; lastKnownFileType = wrapper.framework; name = QtSvg.framework; path = /Users/bisegni/Qt/5.1.0/clang_64/lib/QtSvg.framework; sourceTree = "<absolute>"; };
		5A7073D6201C1F25FE84DB14 /* boost_log_setup */ = {isa = PBXFileReference; lastKnownFileType = "compiled.mach-o.dylib"; name = boost_log_setup; path = ../../usr/local/lib/libboost_log_setup.dylib; sourceTree = "<absolute>"; };
		663F036346DB7258F08D5C0A /* mpio */ = {isa = PBXFileReference; lastKnownFileType = "compiled.mach-o.dylib"; name = mpio; path = ../../usr/local/lib/libmpio.dylib; sourceTree = "<absolute>"; };
		75B7801174E07113E82F8DD5 /* moc_graphwidget.cpp */ = {isa = PBXFileReference; lastKnownFileType = sourcecode.cpp.cpp; path = moc_graphwidget.cpp; sourceTree = "<absolute>"; };
		83C1075788A8890C97A6CE1B /* testui.app */ = {isa = PBXFileReference; explicitFileType = wrapper.application; includeInIndex = 0; path = testui.app; sourceTree = BUILT_PRODUCTS_DIR; };
		86B0E9AB51DBDF1F58177C9E /* boost_chrono */ = {isa = PBXFileReference; lastKnownFileType = "compiled.mach-o.dylib"; name = boost_chrono; path = ../../usr/local/lib/libboost_chrono.dylib; sourceTree = "<absolute>"; };
		87D1DEA4CC5667FE07E001AB /* boost_thread */ = {isa = PBXFileReference; lastKnownFileType = "compiled.mach-o.dylib"; name = boost_thread; path = ../../usr/local/lib/libboost_thread.dylib; sourceTree = "<absolute>"; };
		92D792C2D5EAB21ADBC2D96C /* boost_filesystem */ = {isa = PBXFileReference; lastKnownFileType = "compiled.mach-o.dylib"; name = boost_filesystem; path = ../../usr/local/lib/libboost_filesystem.dylib; sourceTree = "<absolute>"; };
		AB241F823D3821A41AAC4BDE /* mainwindow.ui */ = {isa = PBXFileReference; lastKnownFileType = file; path = mainwindow.ui; sourceTree = "<absolute>"; };
		AB5B824FAF082185CF18F8F8 /* controldialog.cpp */ = {isa = PBXFileReference; lastKnownFileType = sourcecode.cpp.cpp; path = controldialog.cpp; sourceTree = "<absolute>"; };
		AFB98B37FF0012B837A2131C /* ui_mainwindow.h */ = {isa = PBXFileReference; lastKnownFileType = sourcecode.c.h; path = ui_mainwindow.h; sourceTree = "<absolute>"; };
		B09F2C9236C82340747A51D3 /* qwt.framework */ = {isa = PBXFileReference; lastKnownFileType = wrapper.framework; name = qwt.framework; path = /usr/local/qwt/lib/qwt.framework; sourceTree = "<absolute>"; };
		B57EEF48C4E3E4A1958C8A97 /* QtWidgets.framework */ = {isa = PBXFileReference; lastKnownFileType = wrapper.framework; name = QtWidgets.framework; path = /Users/bisegni/Qt/5.1.0/clang_64/lib/QtWidgets.framework; sourceTree = "<absolute>"; };
		C0F0D2410C5D9EB2E253EA63 /* moc_controldialog.cpp */ = {isa = PBXFileReference; lastKnownFileType = sourcecode.cpp.cpp; path = moc_controldialog.cpp; sourceTree = "<absolute>"; };
		C297847CA4770FD875DBECF9 /* graphwidget.h */ = {isa = PBXFileReference; lastKnownFileType = sourcecode.c.h; path = graphwidget.h; sourceTree = "<absolute>"; };
		C55573AC0456738AD7D2DD1B /* msgpack */ = {isa = PBXFileReference; lastKnownFileType = "compiled.mach-o.dylib"; name = msgpack; path = ../../usr/local/lib/libmsgpack.dylib; sourceTree = "<absolute>"; };
		C63FA392C61F27B1B13369C1 /* mainwindow.h */ = {isa = PBXFileReference; lastKnownFileType = sourcecode.c.h; path = mainwindow.h; sourceTree = "<absolute>"; };
		C6766F86E49E9C8701C8E637 /* AGL.framework */ = {isa = PBXFileReference; lastKnownFileType = wrapper.framework; name = AGL.framework; path = /System/Library/Frameworks/AGL.framework; sourceTree = "<absolute>"; };
		DA18A6831232F53228631AD1 /* OpenGL.framework */ = {isa = PBXFileReference; lastKnownFileType = wrapper.framework; name = OpenGL.framework; path = /System/Library/Frameworks/OpenGL.framework; sourceTree = "<absolute>"; };
		DEA4833DDA29F284CD01DD07 /* event */ = {isa = PBXFileReference; lastKnownFileType = "compiled.mach-o.dylib"; name = event; path = ../../usr/local/lib/libevent.dylib; sourceTree = "<absolute>"; };
		E09CC376D6D84BC66BE71AFD /* ui_controldialog.h */ = {isa = PBXFileReference; lastKnownFileType = sourcecode.c.h; path = ui_controldialog.h; sourceTree = "<absolute>"; };
		E4DF5FB56FB7972792967FE7 /* controldialog.ui */ = {isa = PBXFileReference; lastKnownFileType = file; path = controldialog.ui; sourceTree = "<absolute>"; };
		E7679BB0BBE8C577C2559B26 /* msgpack-rpc */ = {isa = PBXFileReference; lastKnownFileType = "compiled.mach-o.dylib"; name = "msgpack-rpc"; path = "../../usr/local/lib/libmsgpack-rpc.dylib"; sourceTree = "<absolute>"; };
		EA177DE95BF7D3EF58EE43F7 /* mainwindow.cpp */ = {isa = PBXFileReference; lastKnownFileType = sourcecode.cpp.cpp; path = mainwindow.cpp; sourceTree = "<absolute>"; };
		EA8AA3188D3799C82A36FB92 /* graphwidget.cpp */ = {isa = PBXFileReference; lastKnownFileType = sourcecode.cpp.cpp; path = graphwidget.cpp; sourceTree = "<absolute>"; };
		FB5708641CFDCC3AD69F3FBB /* zmq */ = {isa = PBXFileReference; lastKnownFileType = "compiled.mach-o.dylib"; name = zmq; path = ../../usr/local/lib/libzmq.dylib; sourceTree = "<absolute>"; };
/* End PBXFileReference section */

/* Begin PBXFrameworksBuildPhase section */
		B664F9C25C2502EDF1BB3505 /* Link Binary With Libraries */ = {
			isa = PBXFrameworksBuildPhase;
			buildActionMask = 2147483647;
			files = (
				7ECE525989C64911C0DE1F2B /* qwt.framework in Link Binary With Libraries */,
				0ED0F523C50DC646B16873CB /* zmq in Link Binary With Libraries */,
				0C24DE614C649C7719E91987 /* boost_chrono in Link Binary With Libraries */,
				31015A0AACB4233E9949C5ED /* memcached in Link Binary With Libraries */,
				818AB02C280B3E491A6551B9 /* boost_log in Link Binary With Libraries */,
				A98F940185B5DF4E0D616856 /* boost_log_setup in Link Binary With Libraries */,
				9DD643A8F078B2C129E06787 /* boost_system in Link Binary With Libraries */,
				28E843596E16153285E32718 /* boost_thread in Link Binary With Libraries */,
				8D64E8DD7E11A5D6B8F916AC /* boost_program_options in Link Binary With Libraries */,
				666F963CE1BCE9F05339411C /* boost_regex in Link Binary With Libraries */,
				FE187FC77F663AE20A7C7249 /* boost_filesystem in Link Binary With Libraries */,
				B3E60CC05340248F286D55D3 /* event in Link Binary With Libraries */,
				8E06515896373D4397237CE0 /* mpio in Link Binary With Libraries */,
				93CA65C32263A6AB0CF0AE7C /* msgpack in Link Binary With Libraries */,
				9473918DB584B6F3E28EC87E /* msgpack-rpc in Link Binary With Libraries */,
				87C044B0ED468B8666319545 /* QtSvg.framework in Link Binary With Libraries */,
				F3699839ABDC9D525E21A2CC /* QtWidgets.framework in Link Binary With Libraries */,
				4DBDBC6AC92B4D1176F56088 /* QtGui.framework in Link Binary With Libraries */,
				EA7069B69CE1A3244DBBE3C6 /* QtCore.framework in Link Binary With Libraries */,
				BCEF71E1EDFB18DA77DC750B /* OpenGL.framework in Link Binary With Libraries */,
				0C6D4628EE0B0D1479A20551 /* AGL.framework in Link Binary With Libraries */,
			);
			name = "Link Binary With Libraries";
			runOnlyForDeploymentPostprocessing = 0;
		};
/* End PBXFrameworksBuildPhase section */

/* Begin PBXGroup section */
		04FB5DF59766A9852E5DD2D0 /* Frameworks */ = {
			isa = PBXGroup;
			children = (
				B09F2C9236C82340747A51D3 /* qwt.framework */,
				FB5708641CFDCC3AD69F3FBB /* zmq */,
				86B0E9AB51DBDF1F58177C9E /* boost_chrono */,
				33C33F209F23A93AF2BD438E /* memcached */,
				3DE7D8D1E3A1CF8768555446 /* boost_log */,
				5A7073D6201C1F25FE84DB14 /* boost_log_setup */,
				222626FC1276ED4FE5C5E34B /* boost_system */,
				87D1DEA4CC5667FE07E001AB /* boost_thread */,
				40C7A517A5B00AED00991D8C /* boost_program_options */,
				0233ADB325B8F53F3A18D1BD /* boost_regex */,
				92D792C2D5EAB21ADBC2D96C /* boost_filesystem */,
				DEA4833DDA29F284CD01DD07 /* event */,
				663F036346DB7258F08D5C0A /* mpio */,
				C55573AC0456738AD7D2DD1B /* msgpack */,
				E7679BB0BBE8C577C2559B26 /* msgpack-rpc */,
				5137C2D53911686536EAEE1A /* QtSvg.framework */,
				B57EEF48C4E3E4A1958C8A97 /* QtWidgets.framework */,
				23ECC4A8566358E181B28D06 /* QtGui.framework */,
				1AC1CA0EC98364A65C1EC16B /* QtCore.framework */,
				DA18A6831232F53228631AD1 /* OpenGL.framework */,
				C6766F86E49E9C8701C8E637 /* AGL.framework */,
			);
			name = Frameworks;
			sourceTree = "<Group>";
		};
		05596AB53D8D521C69802C27 /* testui */ = {
			isa = PBXGroup;
			children = (
				32DC4ACB17903934005F1696 /* testui.entitlements */,
				FB61758D0F0FDA4BA867C3D5 /* Sources */,
				FA9127E605566CA2E2BF1EFD /* Generated Sources */,
				59A98C78A220DE730049D57D /* Supporting Files */,
				E5CB62C61293971C56F3BE8A /* Sources [uic] */,
				04FB5DF59766A9852E5DD2D0 /* Frameworks */,
				068F80C7519D0528FB08E821 /* Products */,
			);
			name = testui;
			sourceTree = "<Group>";
		};
		068F80C7519D0528FB08E821 /* Products */ = {
			isa = PBXGroup;
			children = (
				83C1075788A8890C97A6CE1B /* testui.app */,
			);
			name = Products;
			sourceTree = "<Group>";
		};
		59A98C78A220DE730049D57D /* Supporting Files */ = {
			isa = PBXGroup;
			children = (
				2728F1351D52A63F6CEFD07C /* UIToolkitTest.pro */,
			);
			name = "Supporting Files";
			sourceTree = "<Group>";
		};
		E5CB62C61293971C56F3BE8A /* Sources [uic] */ = {
			isa = PBXGroup;
			children = (
				AB241F823D3821A41AAC4BDE /* mainwindow.ui */,
				E4DF5FB56FB7972792967FE7 /* controldialog.ui */,
			);
			name = "Sources [uic]";
			sourceTree = "<Group>";
		};
		FA9127E605566CA2E2BF1EFD /* Generated Sources */ = {
			isa = PBXGroup;
			children = (
				336D3C48DD3B44974395C633 /* moc_mainwindow.cpp */,
				75B7801174E07113E82F8DD5 /* moc_graphwidget.cpp */,
				C0F0D2410C5D9EB2E253EA63 /* moc_controldialog.cpp */,
				AFB98B37FF0012B837A2131C /* ui_mainwindow.h */,
				E09CC376D6D84BC66BE71AFD /* ui_controldialog.h */,
			);
			name = "Generated Sources";
			sourceTree = "<Group>";
		};
		FB61758D0F0FDA4BA867C3D5 /* Sources */ = {
			isa = PBXGroup;
			children = (
				118FCBAABA162BA17933C789 /* main.cpp */,
				EA177DE95BF7D3EF58EE43F7 /* mainwindow.cpp */,
				EA8AA3188D3799C82A36FB92 /* graphwidget.cpp */,
				AB5B824FAF082185CF18F8F8 /* controldialog.cpp */,
				C63FA392C61F27B1B13369C1 /* mainwindow.h */,
				C297847CA4770FD875DBECF9 /* graphwidget.h */,
				0AE2408B4962B8547E94DE47 /* controldialog.h */,
			);
			name = Sources;
			sourceTree = "<Group>";
		};
/* End PBXGroup section */

/* Begin PBXNativeTarget section */
		C0021C0434F6B930984A324E /* testui */ = {
			isa = PBXNativeTarget;
			buildConfigurationList = 17B3380A4D6A7D415E7F2E1E /* Build configuration list for PBXNativeTarget "testui" */;
			buildPhases = (
				D7BA7D76DAB5DD13389D6332 /* Qt Qmake */,
				A0A52A2ADF7A1E2A99738674 /* Qt Preprocessors */,
				7F2420B6E85D99F4A5391B9D /* Compile Sources */,
				B664F9C25C2502EDF1BB3505 /* Link Binary With Libraries */,
			);
			buildRules = (
			);
			dependencies = (
			);
			name = testui;
			productName = testui;
			productReference = 83C1075788A8890C97A6CE1B /* testui.app */;
			productType = "com.apple.product-type.application";
		};
/* End PBXNativeTarget section */

/* Begin PBXProject section */
		91B15E841AA80083484172DE /* Project object */ = {
			isa = PBXProject;
			attributes = {
				TargetAttributes = {
					C0021C0434F6B930984A324E = {
						SystemCapabilities = {
							com.apple.Sandbox = {
								enabled = 0;
							};
						};
					};
				};
			};
			buildConfigurationList = CC82A9286117DFED018F418F /* Build configuration list for PBXProject "testui" */;
			compatibilityVersion = "Xcode 3.2";
			developmentRegion = English;
			hasScannedForEncodings = 1;
			knownRegions = (
				en,
			);
			mainGroup = 05596AB53D8D521C69802C27 /* testui */;
			productRefGroup = 068F80C7519D0528FB08E821 /* Products */;
			projectDirPath = "";
			projectRoot = "";
			targets = (
				C0021C0434F6B930984A324E /* testui */,
			);
		};
/* End PBXProject section */

/* Begin PBXShellScriptBuildPhase section */
		A0A52A2ADF7A1E2A99738674 /* Qt Preprocessors */ = {
			isa = PBXShellScriptBuildPhase;
			buildActionMask = 2147483647;
			files = (
			);
			name = "Qt Preprocessors";
			runOnlyForDeploymentPostprocessing = 0;
			shellPath = /bin/sh;
			shellScript = "make -C /Volumes/DeepData/Sorgenti/gitrepo/chaosframework/example/UIToolkitTest -f testui.xcodeproj/qt_preprocess.mak";
		};
		D7BA7D76DAB5DD13389D6332 /* Qt Qmake */ = {
			isa = PBXShellScriptBuildPhase;
			buildActionMask = 2147483647;
			files = (
			);
			name = "Qt Qmake";
			runOnlyForDeploymentPostprocessing = 0;
			shellPath = /bin/sh;
			shellScript = "make -C /Volumes/DeepData/Sorgenti/gitrepo/chaosframework/example/UIToolkitTest -f testui.xcodeproj/qt_makeqmake.mak";
		};
/* End PBXShellScriptBuildPhase section */

/* Begin PBXSourcesBuildPhase section */
		7F2420B6E85D99F4A5391B9D /* Compile Sources */ = {
			isa = PBXSourcesBuildPhase;
			buildActionMask = 2147483647;
			files = (
				2B093CA6F071B023A473CED0 /* main.cpp in Compile Sources */,
				462C0F34BBEF2375A9469BB5 /* mainwindow.cpp in Compile Sources */,
				2CE32CCF9B4B54B722DB0586 /* graphwidget.cpp in Compile Sources */,
				4ABF3CA04168A2AB5B98293C /* controldialog.cpp in Compile Sources */,
				26C2BED6C570C95F5243C556 /* moc_mainwindow.cpp in Compile Sources */,
				A60BEF943CE47382D0407BEB /* moc_graphwidget.cpp in Compile Sources */,
				726ACFB8C74D6FFED89BFA56 /* moc_controldialog.cpp in Compile Sources */,
			);
			name = "Compile Sources";
			runOnlyForDeploymentPostprocessing = 0;
		};
/* End PBXSourcesBuildPhase section */

/* Begin XCBuildConfiguration section */
		4B72B24813252891014BCF61 /* Debug */ = {
			isa = XCBuildConfiguration;
			buildSettings = {
				ARCHS = x86_64;
				CC = "/Applications/Xcode5-DP.app/Contents/Developer/usr/bin/gcc";
				COPY_PHASE_STRIP = NO;
				CPLUSPLUS = "/Applications/Xcode5-DP.app/Contents/Developer/usr/bin/g++";
				DYLIB_COMPATIBILITY_VERSION = 1.0;
				DYLIB_CURRENT_VERSION = 1.0.0;
				FRAMEWORK_SEARCH_PATHS = (
					"/Users/bisegni/Qt//5.1.0/clang_64/lib",
					"/Users/bisegni/Qt//5.1.0/clang_64/lib",
					/usr/local/qwt/lib/,
					"/Users/bisegni/Qt//5.1.0/clang_64/qtbase/lib",
				);
				GCC_GENERATE_DEBUGGING_SYMBOLS = YES;
				GCC_OPTIMIZATION_LEVEL = 0;
				HEADER_SEARCH_PATHS = (
					../../../chaosframework,
					../../usr/local/include,
					"/usr/local/qwt-6.0.2-svn/lib/qwt.framework/Headers",
					/Users/bisegni/Qt/5.1.0/clang_64/include,
					/Users/bisegni/Qt/5.1.0/clang_64/include/QtSvg,
					/Users/bisegni/Qt/5.1.0/clang_64/lib/QtSvg.framework/Headers,
					/Users/bisegni/Qt/5.1.0/clang_64/include/QtWidgets,
					/Users/bisegni/Qt/5.1.0/clang_64/lib/QtWidgets.framework/Headers,
					/Users/bisegni/Qt/5.1.0/clang_64/include/QtGui,
					/Users/bisegni/Qt/5.1.0/clang_64/lib/QtGui.framework/Headers,
					/Users/bisegni/Qt/5.1.0/clang_64/include/QtCore,
					/Users/bisegni/Qt/5.1.0/clang_64/lib/QtCore.framework/Headers,
					.,
					"/Applications/Xcode5-DP.app/Contents/Developer/Platforms/MacOSX.platform/Developer/SDKs/MacOSX10.9.sdk/System/Library/Frameworks/OpenGL.framework/Versions/A/Headers",
					"/Applications/Xcode5-DP.app/Contents/Developer/Platforms/MacOSX.platform/Developer/SDKs/MacOSX10.9.sdk/System/Library/Frameworks/AGL.framework/Headers",
					.,
					/usr/local/include,
					/System/Library/Frameworks/CarbonCore.framework/Headers,
					"/Users/bisegni/Qt/5.1.0/clang_64/mkspecs/macx-xcode",
				);
				INFOPLIST_FILE = Info.plist;
				LIBRARY_SEARCH_PATHS = (
					/Volumes/DeepData/Sorgenti/gitrepo/chaosframework/example/UIToolkitTest/../../usr/local/lib,
					/usr/local/qwt/lib/,
					/Volumes/DeepData/Sorgenti/gitrepo/chaosframework/usr/local/lib,
					/Users/bisegni/Qt/5.1.0/clang_64/lib,
					/System/Library/Frameworks/,
				);
				MACOSX_DEPLOYMENT_TARGET = 10.6;
				OTHER_CFLAGS = (
					"-pipe",
					"-O2",
					"-Wall",
					"-W",
					"-fPIE",
					"-DQT_NO_DEBUG",
					"-DQT_SVG_LIB",
					"-DQT_WIDGETS_LIB",
					"-DQT_GUI_LIB",
					"-DQT_CORE_LIB",
				);
				OTHER_CPLUSPLUSFLAGS = (
					"-pipe",
					"-O2",
					"-Wall",
					"-W",
					"-fPIE",
					"-DQT_NO_DEBUG",
					"-DQT_SVG_LIB",
					"-DQT_WIDGETS_LIB",
					"-DQT_GUI_LIB",
					"-DQT_CORE_LIB",
				);
				OTHER_LDFLAGS = (
					"-headerpad_max_install_names",
					"-F/Users/bisegni/Qt//5.1.0/clang_64/lib",
					"-L/Volumes/DeepData/Sorgenti/gitrepo/chaosframework/example/UIToolkitTest/../../usr/local/lib",
					"-F/usr/local/qwt/lib/",
					"-lchaos_common",
					"-lchaos_uitoolkit",
					"-F/Users/bisegni/Qt//5.1.0/clang_64/qtbase/lib",
				);
				PRODUCT_NAME = testui;
				SDKROOT = macosx;
				SYMROOT = /Volumes/DeepData/Sorgenti/gitrepo/chaosframework/example/UIToolkitTest;
			};
			name = Debug;
		};
		8C7174830A1E4DCBA0332EC1 /* Release */ = {
			isa = XCBuildConfiguration;
			buildSettings = {
				CODE_SIGN_IDENTITY = "-";
				COPY_PHASE_STRIP = YES;
				GCC_GENERATE_DEBUGGING_SYMBOLS = NO;
				PRODUCT_NAME = testui;
				SDKROOT = macosx;
			};
			name = Release;
		};
		BEC09A62E69C3553534FF35E /* Debug */ = {
			isa = XCBuildConfiguration;
			buildSettings = {
				CODE_SIGN_IDENTITY = "-";
				COPY_PHASE_STRIP = NO;
				GCC_GENERATE_DEBUGGING_SYMBOLS = YES;
				GCC_OPTIMIZATION_LEVEL = 0;
				PRODUCT_NAME = testui;
				SDKROOT = macosx;
			};
			name = Debug;
		};
		D70590BEB531B51029F711BB /* Release */ = {
			isa = XCBuildConfiguration;
			buildSettings = {
				ARCHS = x86_64;
				CC = "/Applications/Xcode5-DP.app/Contents/Developer/usr/bin/gcc";
				COPY_PHASE_STRIP = YES;
				CPLUSPLUS = "/Applications/Xcode5-DP.app/Contents/Developer/usr/bin/g++";
				DYLIB_COMPATIBILITY_VERSION = 1.0;
				DYLIB_CURRENT_VERSION = 1.0.0;
				FRAMEWORK_SEARCH_PATHS = (
					"/Users/bisegni/Qt//5.1.0/clang_64/lib",
					"/Users/bisegni/Qt//5.1.0/clang_64/lib",
					/usr/local/qwt/lib/,
					"/Users/bisegni/Qt//5.1.0/clang_64/qtbase/lib",
				);
				GCC_GENERATE_DEBUGGING_SYMBOLS = NO;
				HEADER_SEARCH_PATHS = (
					../../../chaosframework,
					../../usr/local/include,
					"/usr/local/qwt-6.0.2-svn/lib/qwt.framework/Headers",
					/Users/bisegni/Qt/5.1.0/clang_64/include,
					/Users/bisegni/Qt/5.1.0/clang_64/include/QtSvg,
					/Users/bisegni/Qt/5.1.0/clang_64/lib/QtSvg.framework/Headers,
					/Users/bisegni/Qt/5.1.0/clang_64/include/QtWidgets,
					/Users/bisegni/Qt/5.1.0/clang_64/lib/QtWidgets.framework/Headers,
					/Users/bisegni/Qt/5.1.0/clang_64/include/QtGui,
					/Users/bisegni/Qt/5.1.0/clang_64/lib/QtGui.framework/Headers,
					/Users/bisegni/Qt/5.1.0/clang_64/include/QtCore,
					/Users/bisegni/Qt/5.1.0/clang_64/lib/QtCore.framework/Headers,
					.,
					"/Applications/Xcode5-DP.app/Contents/Developer/Platforms/MacOSX.platform/Developer/SDKs/MacOSX10.9.sdk/System/Library/Frameworks/OpenGL.framework/Versions/A/Headers",
					"/Applications/Xcode5-DP.app/Contents/Developer/Platforms/MacOSX.platform/Developer/SDKs/MacOSX10.9.sdk/System/Library/Frameworks/AGL.framework/Headers",
					.,
					/usr/local/include,
					/System/Library/Frameworks/CarbonCore.framework/Headers,
					"/Users/bisegni/Qt/5.1.0/clang_64/mkspecs/macx-xcode",
				);
				INFOPLIST_FILE = Info.plist;
				LIBRARY_SEARCH_PATHS = (
					/Volumes/DeepData/Sorgenti/gitrepo/chaosframework/example/UIToolkitTest/../../usr/local/lib,
					/usr/local/qwt/lib/,
					/Volumes/DeepData/Sorgenti/gitrepo/chaosframework/usr/local/lib,
					/Users/bisegni/Qt/5.1.0/clang_64/lib,
					/System/Library/Frameworks/,
				);
				MACOSX_DEPLOYMENT_TARGET = 10.6;
				OTHER_CFLAGS = (
					"-pipe",
					"-O2",
					"-Wall",
					"-W",
					"-fPIE",
					"-DQT_NO_DEBUG",
					"-DQT_SVG_LIB",
					"-DQT_WIDGETS_LIB",
					"-DQT_GUI_LIB",
					"-DQT_CORE_LIB",
				);
				OTHER_CPLUSPLUSFLAGS = (
					"-pipe",
					"-O2",
					"-Wall",
					"-W",
					"-fPIE",
					"-DQT_NO_DEBUG",
					"-DQT_SVG_LIB",
					"-DQT_WIDGETS_LIB",
					"-DQT_GUI_LIB",
					"-DQT_CORE_LIB",
				);
				OTHER_LDFLAGS = (
					"-headerpad_max_install_names",
					"-F/Users/bisegni/Qt//5.1.0/clang_64/lib",
					"-L/Volumes/DeepData/Sorgenti/gitrepo/chaosframework/example/UIToolkitTest/../../usr/local/lib",
					"-F/usr/local/qwt/lib/",
					"-lchaos_common",
					"-lchaos_uitoolkit",
					"-F/Users/bisegni/Qt//5.1.0/clang_64/qtbase/lib",
				);
				PRODUCT_NAME = testui;
				SDKROOT = macosx;
				SYMROOT = /Volumes/DeepData/Sorgenti/gitrepo/chaosframework/example/UIToolkitTest;
			};
			name = Release;
		};
/* End XCBuildConfiguration section */

/* Begin XCConfigurationList section */
		17B3380A4D6A7D415E7F2E1E /* Build configuration list for PBXNativeTarget "testui" */ = {
			isa = XCConfigurationList;
			buildConfigurations = (
				BEC09A62E69C3553534FF35E /* Debug */,
				8C7174830A1E4DCBA0332EC1 /* Release */,
			);
			defaultConfigurationIsVisible = 0;
			defaultConfigurationName = Release;
		};
		CC82A9286117DFED018F418F /* Build configuration list for PBXProject "testui" */ = {
			isa = XCConfigurationList;
			buildConfigurations = (
				4B72B24813252891014BCF61 /* Debug */,
				D70590BEB531B51029F711BB /* Release */,
			);
			defaultConfigurationIsVisible = 0;
			defaultConfigurationName = Release;
		};
/* End XCConfigurationList section */
	};
	rootObject = 91B15E841AA80083484172DE /* Project object */;
}
