// !$*UTF8*$!
{
	archiveVersion = 1;
	classes = {
	};
	objectVersion = 46;
	objects = {

/* Begin PBXBuildFile section */
		32462F192088866D003DB2F8 /* main.cpp in Sources */ = {isa = PBXBuildFile; fileRef = 32462F182088866D003DB2F8 /* main.cpp */; };
		32462F1F208886A6003DB2F8 /* ChaosDatasetIO.cpp in Sources */ = {isa = PBXBuildFile; fileRef = 32462F1D208886A6003DB2F8 /* ChaosDatasetIO.cpp */; };
		328B4E8E19C9AEF9008D1331 /* cde.cpp in Sources */ = {isa = PBXBuildFile; fileRef = 328B4E8D19C9AEF9008D1331 /* cde.cpp */; };
/* End PBXBuildFile section */

/* Begin PBXCopyFilesBuildPhase section */
		32462F142088866D003DB2F8 /* CopyFiles */ = {
			isa = PBXCopyFilesBuildPhase;
			buildActionMask = 2147483647;
			dstPath = /usr/share/man/man1/;
			dstSubfolderSpec = 0;
			files = (
			);
			runOnlyForDeploymentPostprocessing = 1;
		};
		328B4E7D19C9AE35008D1331 /* CopyFiles */ = {
			isa = PBXCopyFilesBuildPhase;
			buildActionMask = 2147483647;
			dstPath = /usr/share/man/man1/;
			dstSubfolderSpec = 0;
			files = (
			);
			runOnlyForDeploymentPostprocessing = 1;
		};
/* End PBXCopyFilesBuildPhase section */

/* Begin PBXFileReference section */
		32462F162088866D003DB2F8 /* TestDatasetIO */ = {isa = PBXFileReference; explicitFileType = "compiled.mach-o.executable"; includeInIndex = 0; path = TestDatasetIO; sourceTree = BUILT_PRODUCTS_DIR; };
		32462F182088866D003DB2F8 /* main.cpp */ = {isa = PBXFileReference; lastKnownFileType = sourcecode.cpp.cpp; path = main.cpp; sourceTree = "<group>"; };
		32462F1D208886A6003DB2F8 /* ChaosDatasetIO.cpp */ = {isa = PBXFileReference; lastKnownFileType = sourcecode.cpp.cpp; path = ChaosDatasetIO.cpp; sourceTree = "<group>"; };
		32462F1E208886A6003DB2F8 /* ChaosDatasetIO.h */ = {isa = PBXFileReference; lastKnownFileType = sourcecode.c.h; path = ChaosDatasetIO.h; sourceTree = "<group>"; };
		328B4E7F19C9AE35008D1331 /* ChaosDataExport */ = {isa = PBXFileReference; explicitFileType = "compiled.mach-o.executable"; includeInIndex = 0; path = ChaosDataExport; sourceTree = BUILT_PRODUCTS_DIR; };
		328B4E8C19C9AEF9008D1331 /* CMakeLists.txt */ = {isa = PBXFileReference; fileEncoding = 4; lastKnownFileType = text; path = CMakeLists.txt; sourceTree = SOURCE_ROOT; };
		328B4E8D19C9AEF9008D1331 /* cde.cpp */ = {isa = PBXFileReference; fileEncoding = 4; lastKnownFileType = sourcecode.cpp.cpp; lineEnding = 0; path = cde.cpp; sourceTree = SOURCE_ROOT; xcLanguageSpecificationIdentifier = xcode.lang.cpp; };
/* End PBXFileReference section */

/* Begin PBXFrameworksBuildPhase section */
		32462F132088866D003DB2F8 /* Frameworks */ = {
			isa = PBXFrameworksBuildPhase;
			buildActionMask = 2147483647;
			files = (
			);
			runOnlyForDeploymentPostprocessing = 0;
		};
		328B4E7C19C9AE35008D1331 /* Frameworks */ = {
			isa = PBXFrameworksBuildPhase;
			buildActionMask = 2147483647;
			files = (
			);
			runOnlyForDeploymentPostprocessing = 0;
		};
/* End PBXFrameworksBuildPhase section */

/* Begin PBXGroup section */
		32462F172088866D003DB2F8 /* TestDatasetIO */ = {
			isa = PBXGroup;
			children = (
				32462F182088866D003DB2F8 /* main.cpp */,
				32462F1D208886A6003DB2F8 /* ChaosDatasetIO.cpp */,
				32462F1E208886A6003DB2F8 /* ChaosDatasetIO.h */,
			);
			path = TestDatasetIO;
			sourceTree = "<group>";
		};
		328B4E7619C9AE35008D1331 = {
			isa = PBXGroup;
			children = (
				328B4E8119C9AE35008D1331 /* ChaosDataExport */,
				32462F172088866D003DB2F8 /* TestDatasetIO */,
				328B4E8019C9AE35008D1331 /* Products */,
			);
			sourceTree = "<group>";
		};
		328B4E8019C9AE35008D1331 /* Products */ = {
			isa = PBXGroup;
			children = (
				328B4E7F19C9AE35008D1331 /* ChaosDataExport */,
				32462F162088866D003DB2F8 /* TestDatasetIO */,
			);
			name = Products;
			sourceTree = "<group>";
		};
		328B4E8119C9AE35008D1331 /* ChaosDataExport */ = {
			isa = PBXGroup;
			children = (
				328B4E8C19C9AEF9008D1331 /* CMakeLists.txt */,
				328B4E8D19C9AEF9008D1331 /* cde.cpp */,
			);
			path = ChaosDataExport;
			sourceTree = "<group>";
		};
/* End PBXGroup section */

/* Begin PBXNativeTarget section */
		32462F152088866D003DB2F8 /* TestDatasetIO */ = {
			isa = PBXNativeTarget;
			buildConfigurationList = 32462F1C2088866D003DB2F8 /* Build configuration list for PBXNativeTarget "TestDatasetIO" */;
			buildPhases = (
				32462F122088866D003DB2F8 /* Sources */,
				32462F132088866D003DB2F8 /* Frameworks */,
				32462F142088866D003DB2F8 /* CopyFiles */,
			);
			buildRules = (
			);
			dependencies = (
			);
			name = TestDatasetIO;
			productName = TestDatasetIO;
			productReference = 32462F162088866D003DB2F8 /* TestDatasetIO */;
			productType = "com.apple.product-type.tool";
		};
		328B4E7E19C9AE35008D1331 /* ChaosDataExport */ = {
			isa = PBXNativeTarget;
			buildConfigurationList = 328B4E8819C9AE35008D1331 /* Build configuration list for PBXNativeTarget "ChaosDataExport" */;
			buildPhases = (
				328B4E7B19C9AE35008D1331 /* Sources */,
				328B4E7C19C9AE35008D1331 /* Frameworks */,
				328B4E7D19C9AE35008D1331 /* CopyFiles */,
			);
			buildRules = (
			);
			dependencies = (
			);
			name = ChaosDataExport;
			productName = ChaosDataExport;
			productReference = 328B4E7F19C9AE35008D1331 /* ChaosDataExport */;
			productType = "com.apple.product-type.tool";
		};
/* End PBXNativeTarget section */

/* Begin PBXProject section */
		328B4E7719C9AE35008D1331 /* Project object */ = {
			isa = PBXProject;
			attributes = {
				LastUpgradeCheck = 0510;
				ORGANIZATIONNAME = infn;
				TargetAttributes = {
					32462F152088866D003DB2F8 = {
						CreatedOnToolsVersion = 9.3;
						ProvisioningStyle = Automatic;
					};
				};
			};
			buildConfigurationList = 328B4E7A19C9AE35008D1331 /* Build configuration list for PBXProject "ChaosDataExport" */;
			compatibilityVersion = "Xcode 3.2";
			developmentRegion = English;
			hasScannedForEncodings = 0;
			knownRegions = (
				English,
				en,
			);
			mainGroup = 328B4E7619C9AE35008D1331;
			productRefGroup = 328B4E8019C9AE35008D1331 /* Products */;
			projectDirPath = "";
			projectRoot = "";
			targets = (
				328B4E7E19C9AE35008D1331 /* ChaosDataExport */,
				32462F152088866D003DB2F8 /* TestDatasetIO */,
			);
		};
/* End PBXProject section */

/* Begin PBXSourcesBuildPhase section */
		32462F122088866D003DB2F8 /* Sources */ = {
			isa = PBXSourcesBuildPhase;
			buildActionMask = 2147483647;
			files = (
				32462F192088866D003DB2F8 /* main.cpp in Sources */,
				32462F1F208886A6003DB2F8 /* ChaosDatasetIO.cpp in Sources */,
			);
			runOnlyForDeploymentPostprocessing = 0;
		};
		328B4E7B19C9AE35008D1331 /* Sources */ = {
			isa = PBXSourcesBuildPhase;
			buildActionMask = 2147483647;
			files = (
				328B4E8E19C9AEF9008D1331 /* cde.cpp in Sources */,
			);
			runOnlyForDeploymentPostprocessing = 0;
		};
/* End PBXSourcesBuildPhase section */

/* Begin XCBuildConfiguration section */
		32462F1A2088866D003DB2F8 /* Debug */ = {
			isa = XCBuildConfiguration;
			buildSettings = {
				CLANG_ANALYZER_NONNULL = YES;
				CLANG_ANALYZER_NUMBER_OBJECT_CONVERSION = YES_AGGRESSIVE;
				CLANG_CXX_LANGUAGE_STANDARD = "c++0x";
				CLANG_CXX_LIBRARY = "libc++";
				CLANG_ENABLE_OBJC_WEAK = YES;
				CLANG_WARN_BLOCK_CAPTURE_AUTORELEASING = YES;
				CLANG_WARN_COMMA = YES;
				CLANG_WARN_DEPRECATED_OBJC_IMPLEMENTATIONS = YES;
				CLANG_WARN_DOCUMENTATION_COMMENTS = YES;
				CLANG_WARN_INFINITE_RECURSION = YES;
				CLANG_WARN_NON_LITERAL_NULL_CONVERSION = YES;
				CLANG_WARN_OBJC_IMPLICIT_RETAIN_SELF = YES;
				CLANG_WARN_OBJC_LITERAL_CONVERSION = YES;
				CLANG_WARN_RANGE_LOOP_ANALYSIS = YES;
				CLANG_WARN_STRICT_PROTOTYPES = YES;
				CLANG_WARN_SUSPICIOUS_MOVE = YES;
				CLANG_WARN_UNGUARDED_AVAILABILITY = YES_AGGRESSIVE;
				CLANG_WARN_UNREACHABLE_CODE = YES;
				CODE_SIGN_IDENTITY = "-";
				CODE_SIGN_STYLE = Automatic;
				CONFIGURATION_BUILD_DIR = "$(SRCROOT)/../../usr/local/bin";
				DEBUG_INFORMATION_FORMAT = dwarf;
				ENABLE_STRICT_OBJC_MSGSEND = YES;
				ENABLE_TESTABILITY = YES;
				GCC_C_LANGUAGE_STANDARD = gnu11;
				GCC_NO_COMMON_BLOCKS = YES;
				HEADER_SEARCH_PATHS = ../../usr/local/include;
				LIBRARY_SEARCH_PATHS = (
					/usr/local/lib,
					"$(SRCROOT)/../../usr/local/lib",
				);
				MACOSX_DEPLOYMENT_TARGET = 10.13;
				MTL_ENABLE_DEBUG_INFO = YES;
				OTHER_LDFLAGS = (
					"-lchaos_common",
					"-lchaos_metadata_service_client",
				);
				PRODUCT_NAME = "$(TARGET_NAME)";
			};
			name = Debug;
		};
		32462F1B2088866D003DB2F8 /* Release */ = {
			isa = XCBuildConfiguration;
			buildSettings = {
				CLANG_ANALYZER_NONNULL = YES;
				CLANG_ANALYZER_NUMBER_OBJECT_CONVERSION = YES_AGGRESSIVE;
				CLANG_CXX_LANGUAGE_STANDARD = "c++0x";
				CLANG_CXX_LIBRARY = "libc++";
				CLANG_ENABLE_OBJC_WEAK = YES;
				CLANG_WARN_BLOCK_CAPTURE_AUTORELEASING = YES;
				CLANG_WARN_COMMA = YES;
				CLANG_WARN_DEPRECATED_OBJC_IMPLEMENTATIONS = YES;
				CLANG_WARN_DOCUMENTATION_COMMENTS = YES;
				CLANG_WARN_INFINITE_RECURSION = YES;
				CLANG_WARN_NON_LITERAL_NULL_CONVERSION = YES;
				CLANG_WARN_OBJC_IMPLICIT_RETAIN_SELF = YES;
				CLANG_WARN_OBJC_LITERAL_CONVERSION = YES;
				CLANG_WARN_RANGE_LOOP_ANALYSIS = YES;
				CLANG_WARN_STRICT_PROTOTYPES = YES;
				CLANG_WARN_SUSPICIOUS_MOVE = YES;
				CLANG_WARN_UNGUARDED_AVAILABILITY = YES_AGGRESSIVE;
				CLANG_WARN_UNREACHABLE_CODE = YES;
				CODE_SIGN_IDENTITY = "-";
				CODE_SIGN_STYLE = Automatic;
				CONFIGURATION_BUILD_DIR = "$(SRCROOT)/../../usr/local/bin";
				COPY_PHASE_STRIP = NO;
				ENABLE_STRICT_OBJC_MSGSEND = YES;
				GCC_C_LANGUAGE_STANDARD = gnu11;
				GCC_NO_COMMON_BLOCKS = YES;
				HEADER_SEARCH_PATHS = ../../usr/local/include;
				LIBRARY_SEARCH_PATHS = (
					/usr/local/lib,
					"$(SRCROOT)/../../usr/local/lib",
				);
				MACOSX_DEPLOYMENT_TARGET = 10.13;
				MTL_ENABLE_DEBUG_INFO = NO;
				OTHER_LDFLAGS = (
					"-lchaos_common",
					"-lchaos_metadata_service_client",
				);
				PRODUCT_NAME = "$(TARGET_NAME)";
			};
			name = Release;
		};
		328B4E8619C9AE35008D1331 /* Debug */ = {
			isa = XCBuildConfiguration;
			buildSettings = {
				ALWAYS_SEARCH_USER_PATHS = NO;
				CLANG_CXX_LANGUAGE_STANDARD = "gnu++98";
				CLANG_CXX_LIBRARY = "libc++";
				CLANG_ENABLE_MODULES = YES;
				CLANG_ENABLE_OBJC_ARC = YES;
				CLANG_WARN_BOOL_CONVERSION = YES;
				CLANG_WARN_CONSTANT_CONVERSION = YES;
				CLANG_WARN_DIRECT_OBJC_ISA_USAGE = YES_ERROR;
				CLANG_WARN_EMPTY_BODY = YES;
				CLANG_WARN_ENUM_CONVERSION = YES;
				CLANG_WARN_INT_CONVERSION = YES;
				CLANG_WARN_OBJC_ROOT_CLASS = YES_ERROR;
				CLANG_WARN__DUPLICATE_METHOD_MATCH = YES;
				COMPILER_INDEX_STORE_ENABLE = NO;
				COPY_PHASE_STRIP = NO;
				GCC_C_LANGUAGE_STANDARD = gnu99;
				GCC_DYNAMIC_NO_PIC = NO;
				GCC_ENABLE_OBJC_EXCEPTIONS = YES;
				GCC_OPTIMIZATION_LEVEL = 0;
				GCC_PREPROCESSOR_DEFINITIONS = (
					"DEBUG=1",
					"$(inherited)",
				);
				GCC_SYMBOLS_PRIVATE_EXTERN = NO;
				GCC_WARN_64_TO_32_BIT_CONVERSION = YES;
				GCC_WARN_ABOUT_RETURN_TYPE = YES_ERROR;
				GCC_WARN_UNDECLARED_SELECTOR = YES;
				GCC_WARN_UNINITIALIZED_AUTOS = YES_AGGRESSIVE;
				GCC_WARN_UNUSED_FUNCTION = YES;
				GCC_WARN_UNUSED_VARIABLE = YES;
				MACOSX_DEPLOYMENT_TARGET = 10.9;
				ONLY_ACTIVE_ARCH = YES;
				SDKROOT = macosx;
			};
			name = Debug;
		};
		328B4E8719C9AE35008D1331 /* Release */ = {
			isa = XCBuildConfiguration;
			buildSettings = {
				ALWAYS_SEARCH_USER_PATHS = NO;
				CLANG_CXX_LANGUAGE_STANDARD = "gnu++98";
				CLANG_CXX_LIBRARY = "libc++";
				CLANG_ENABLE_MODULES = YES;
				CLANG_ENABLE_OBJC_ARC = YES;
				CLANG_WARN_BOOL_CONVERSION = YES;
				CLANG_WARN_CONSTANT_CONVERSION = YES;
				CLANG_WARN_DIRECT_OBJC_ISA_USAGE = YES_ERROR;
				CLANG_WARN_EMPTY_BODY = YES;
				CLANG_WARN_ENUM_CONVERSION = YES;
				CLANG_WARN_INT_CONVERSION = YES;
				CLANG_WARN_OBJC_ROOT_CLASS = YES_ERROR;
				CLANG_WARN__DUPLICATE_METHOD_MATCH = YES;
				COMPILER_INDEX_STORE_ENABLE = NO;
				COPY_PHASE_STRIP = YES;
				DEBUG_INFORMATION_FORMAT = "dwarf-with-dsym";
				ENABLE_NS_ASSERTIONS = NO;
				GCC_C_LANGUAGE_STANDARD = gnu99;
				GCC_ENABLE_OBJC_EXCEPTIONS = YES;
				GCC_WARN_64_TO_32_BIT_CONVERSION = YES;
				GCC_WARN_ABOUT_RETURN_TYPE = YES_ERROR;
				GCC_WARN_UNDECLARED_SELECTOR = YES;
				GCC_WARN_UNINITIALIZED_AUTOS = YES_AGGRESSIVE;
				GCC_WARN_UNUSED_FUNCTION = YES;
				GCC_WARN_UNUSED_VARIABLE = YES;
				MACOSX_DEPLOYMENT_TARGET = 10.9;
				SDKROOT = macosx;
			};
			name = Release;
		};
		328B4E8919C9AE35008D1331 /* Debug */ = {
			isa = XCBuildConfiguration;
			buildSettings = {
				CLANG_CXX_LANGUAGE_STANDARD = "c++0x";
				CLANG_CXX_LIBRARY = "libc++";
				CONFIGURATION_BUILD_DIR = "$(SRCROOT)/../../usr/local/bin";
				HEADER_SEARCH_PATHS = ../../usr/local/include;
				LIBRARY_SEARCH_PATHS = "$(SRCROOT)/../../usr/local/lib";
				OTHER_LDFLAGS = (
					"-lchaos_metadata_service_client",
					"-lchaos_common",
				);
				PRODUCT_NAME = "$(TARGET_NAME)";
			};
			name = Debug;
		};
		328B4E8A19C9AE35008D1331 /* Release */ = {
			isa = XCBuildConfiguration;
			buildSettings = {
				CLANG_CXX_LANGUAGE_STANDARD = "c++0x";
				CLANG_CXX_LIBRARY = "libc++";
				CONFIGURATION_BUILD_DIR = "$(SRCROOT)/../../usr/local/bin";
				HEADER_SEARCH_PATHS = ../../usr/local/include;
				LIBRARY_SEARCH_PATHS = "$(SRCROOT)/../../usr/local/lib";
				OTHER_LDFLAGS = (
					"-lchaos_metadata_service_client",
					"-lchaos_common",
				);
				PRODUCT_NAME = "$(TARGET_NAME)";
			};
			name = Release;
		};
		328E001C2370744B001DBE6D /* Prometheus */ = {
			isa = XCBuildConfiguration;
			buildSettings = {
				ALWAYS_SEARCH_USER_PATHS = NO;
				CLANG_CXX_LANGUAGE_STANDARD = "gnu++98";
				CLANG_CXX_LIBRARY = "libc++";
				CLANG_ENABLE_MODULES = YES;
				CLANG_ENABLE_OBJC_ARC = YES;
				CLANG_WARN_BOOL_CONVERSION = YES;
				CLANG_WARN_CONSTANT_CONVERSION = YES;
				CLANG_WARN_DIRECT_OBJC_ISA_USAGE = YES_ERROR;
				CLANG_WARN_EMPTY_BODY = YES;
				CLANG_WARN_ENUM_CONVERSION = YES;
				CLANG_WARN_INT_CONVERSION = YES;
				CLANG_WARN_OBJC_ROOT_CLASS = YES_ERROR;
				CLANG_WARN__DUPLICATE_METHOD_MATCH = YES;
				COMPILER_INDEX_STORE_ENABLE = NO;
				COPY_PHASE_STRIP = NO;
				GCC_C_LANGUAGE_STANDARD = gnu99;
				GCC_DYNAMIC_NO_PIC = NO;
				GCC_ENABLE_OBJC_EXCEPTIONS = YES;
				GCC_OPTIMIZATION_LEVEL = 0;
				GCC_PREPROCESSOR_DEFINITIONS = (
					"DEBUG=1",
					"$(inherited)",
				);
				GCC_SYMBOLS_PRIVATE_EXTERN = NO;
				GCC_WARN_64_TO_32_BIT_CONVERSION = YES;
				GCC_WARN_ABOUT_RETURN_TYPE = YES_ERROR;
				GCC_WARN_UNDECLARED_SELECTOR = YES;
				GCC_WARN_UNINITIALIZED_AUTOS = YES_AGGRESSIVE;
				GCC_WARN_UNUSED_FUNCTION = YES;
				GCC_WARN_UNUSED_VARIABLE = YES;
				MACOSX_DEPLOYMENT_TARGET = 10.9;
				ONLY_ACTIVE_ARCH = YES;
				SDKROOT = macosx;
			};
			name = Prometheus;
		};
		328E001D2370744B001DBE6D /* Prometheus */ = {
			isa = XCBuildConfiguration;
			buildSettings = {
				CLANG_CXX_LANGUAGE_STANDARD = "c++0x";
				CLANG_CXX_LIBRARY = "libc++";
				CONFIGURATION_BUILD_DIR = "$(SRCROOT)/../../usr/local/bin";
				HEADER_SEARCH_PATHS = ../../usr/local/include;
				LIBRARY_SEARCH_PATHS = "$(SRCROOT)/../../usr/local/lib";
				OTHER_LDFLAGS = (
					"-lchaos_metadata_service_client",
					"-lchaos_common",
				);
				PRODUCT_NAME = "$(TARGET_NAME)";
			};
			name = Prometheus;
		};
		328E001E2370744B001DBE6D /* Prometheus */ = {
			isa = XCBuildConfiguration;
			buildSettings = {
				CLANG_ANALYZER_NONNULL = YES;
				CLANG_ANALYZER_NUMBER_OBJECT_CONVERSION = YES_AGGRESSIVE;
				CLANG_CXX_LANGUAGE_STANDARD = "c++0x";
				CLANG_CXX_LIBRARY = "libc++";
				CLANG_ENABLE_OBJC_WEAK = YES;
				CLANG_WARN_BLOCK_CAPTURE_AUTORELEASING = YES;
				CLANG_WARN_COMMA = YES;
				CLANG_WARN_DEPRECATED_OBJC_IMPLEMENTATIONS = YES;
				CLANG_WARN_DOCUMENTATION_COMMENTS = YES;
				CLANG_WARN_INFINITE_RECURSION = YES;
				CLANG_WARN_NON_LITERAL_NULL_CONVERSION = YES;
				CLANG_WARN_OBJC_IMPLICIT_RETAIN_SELF = YES;
				CLANG_WARN_OBJC_LITERAL_CONVERSION = YES;
				CLANG_WARN_RANGE_LOOP_ANALYSIS = YES;
				CLANG_WARN_STRICT_PROTOTYPES = YES;
				CLANG_WARN_SUSPICIOUS_MOVE = YES;
				CLANG_WARN_UNGUARDED_AVAILABILITY = YES_AGGRESSIVE;
				CLANG_WARN_UNREACHABLE_CODE = YES;
				CODE_SIGN_IDENTITY = "-";
				CODE_SIGN_STYLE = Automatic;
				CONFIGURATION_BUILD_DIR = "$(SRCROOT)/../../usr/local/bin";
				DEBUG_INFORMATION_FORMAT = dwarf;
				ENABLE_STRICT_OBJC_MSGSEND = YES;
				ENABLE_TESTABILITY = YES;
				GCC_C_LANGUAGE_STANDARD = gnu11;
				GCC_NO_COMMON_BLOCKS = YES;
				HEADER_SEARCH_PATHS = ../../usr/local/include;
				LIBRARY_SEARCH_PATHS = (
					/usr/local/lib,
					"$(SRCROOT)/../../usr/local/lib",
				);
				MACOSX_DEPLOYMENT_TARGET = 10.13;
				MTL_ENABLE_DEBUG_INFO = YES;
				OTHER_LDFLAGS = (
					"-lchaos_common",
					"-lchaos_metadata_service_client",
				);
				PRODUCT_NAME = "$(TARGET_NAME)";
			};
			name = Prometheus;
		};
/* End XCBuildConfiguration section */

/* Begin XCConfigurationList section */
		32462F1C2088866D003DB2F8 /* Build configuration list for PBXNativeTarget "TestDatasetIO" */ = {
			isa = XCConfigurationList;
			buildConfigurations = (
				32462F1A2088866D003DB2F8 /* Debug */,
				328E001E2370744B001DBE6D /* Prometheus */,
				32462F1B2088866D003DB2F8 /* Release */,
			);
			defaultConfigurationIsVisible = 0;
			defaultConfigurationName = Release;
		};
		328B4E7A19C9AE35008D1331 /* Build configuration list for PBXProject "ChaosDataExport" */ = {
			isa = XCConfigurationList;
			buildConfigurations = (
				328B4E8619C9AE35008D1331 /* Debug */,
				328E001C2370744B001DBE6D /* Prometheus */,
				328B4E8719C9AE35008D1331 /* Release */,
			);
			defaultConfigurationIsVisible = 0;
			defaultConfigurationName = Release;
		};
		328B4E8819C9AE35008D1331 /* Build configuration list for PBXNativeTarget "ChaosDataExport" */ = {
			isa = XCConfigurationList;
			buildConfigurations = (
				328B4E8919C9AE35008D1331 /* Debug */,
				328E001D2370744B001DBE6D /* Prometheus */,
				328B4E8A19C9AE35008D1331 /* Release */,
			);
			defaultConfigurationIsVisible = 0;
			defaultConfigurationName = Release;
		};
/* End XCConfigurationList section */
	};
	rootObject = 328B4E7719C9AE35008D1331 /* Project object */;
}
