// !$*UTF8*$!
{
	archiveVersion = 1;
	classes = {
	};
	objectVersion = 46;
	objects = {

/* Begin PBXBuildFile section */
		32BFCAB716FF1D3200C93D76 /* main.cpp in Sources */ = {isa = PBXBuildFile; fileRef = 32BFCAB616FF1D3200C93D76 /* main.cpp */; };
		32BFCAB916FF1D3200C93D76 /* MemcachedEmbeddedTest.1 in CopyFiles */ = {isa = PBXBuildFile; fileRef = 32BFCAB816FF1D3200C93D76 /* MemcachedEmbeddedTest.1 */; };
		32CCBC5B1745572B00583BAA /* main.cpp in Sources */ = {isa = PBXBuildFile; fileRef = 32CCBC5A1745572B00583BAA /* main.cpp */; };
		32CCBC5D1745572B00583BAA /* LockfreeCacheEmbeddedTest.1 in CopyFiles */ = {isa = PBXBuildFile; fileRef = 32CCBC5C1745572B00583BAA /* LockfreeCacheEmbeddedTest.1 */; };
/* End PBXBuildFile section */

/* Begin PBXCopyFilesBuildPhase section */
		32BFCAB116FF1D3200C93D76 /* CopyFiles */ = {
			isa = PBXCopyFilesBuildPhase;
			buildActionMask = 2147483647;
			dstPath = /usr/share/man/man1/;
			dstSubfolderSpec = 0;
			files = (
				32BFCAB916FF1D3200C93D76 /* MemcachedEmbeddedTest.1 in CopyFiles */,
			);
			runOnlyForDeploymentPostprocessing = 1;
		};
		32CCBC561745572B00583BAA /* CopyFiles */ = {
			isa = PBXCopyFilesBuildPhase;
			buildActionMask = 2147483647;
			dstPath = /usr/share/man/man1/;
			dstSubfolderSpec = 0;
			files = (
				32CCBC5D1745572B00583BAA /* LockfreeCacheEmbeddedTest.1 in CopyFiles */,
			);
			runOnlyForDeploymentPostprocessing = 1;
		};
/* End PBXCopyFilesBuildPhase section */

/* Begin PBXFileReference section */
		32BFCAB316FF1D3200C93D76 /* MemcachedEmbeddedTest */ = {isa = PBXFileReference; explicitFileType = "compiled.mach-o.executable"; includeInIndex = 0; path = MemcachedEmbeddedTest; sourceTree = BUILT_PRODUCTS_DIR; };
		32BFCAB616FF1D3200C93D76 /* main.cpp */ = {isa = PBXFileReference; lastKnownFileType = sourcecode.cpp.cpp; path = main.cpp; sourceTree = "<group>"; };
		32BFCAB816FF1D3200C93D76 /* MemcachedEmbeddedTest.1 */ = {isa = PBXFileReference; lastKnownFileType = text.man; path = MemcachedEmbeddedTest.1; sourceTree = "<group>"; };
		32CCBC581745572B00583BAA /* LockfreeCacheEmbeddedTest */ = {isa = PBXFileReference; explicitFileType = "compiled.mach-o.executable"; includeInIndex = 0; path = LockfreeCacheEmbeddedTest; sourceTree = BUILT_PRODUCTS_DIR; };
		32CCBC5A1745572B00583BAA /* main.cpp */ = {isa = PBXFileReference; lastKnownFileType = sourcecode.cpp.cpp; path = main.cpp; sourceTree = "<group>"; };
		32CCBC5C1745572B00583BAA /* LockfreeCacheEmbeddedTest.1 */ = {isa = PBXFileReference; lastKnownFileType = text.man; path = LockfreeCacheEmbeddedTest.1; sourceTree = "<group>"; };
		32CCBC61174557BC00583BAA /* CMakeLists.txt */ = {isa = PBXFileReference; lastKnownFileType = text; path = CMakeLists.txt; sourceTree = "<group>"; };
/* End PBXFileReference section */

/* Begin PBXFrameworksBuildPhase section */
		32BFCAB016FF1D3200C93D76 /* Frameworks */ = {
			isa = PBXFrameworksBuildPhase;
			buildActionMask = 2147483647;
			files = (
			);
			runOnlyForDeploymentPostprocessing = 0;
		};
		32CCBC551745572B00583BAA /* Frameworks */ = {
			isa = PBXFrameworksBuildPhase;
			buildActionMask = 2147483647;
			files = (
			);
			runOnlyForDeploymentPostprocessing = 0;
		};
/* End PBXFrameworksBuildPhase section */

/* Begin PBXGroup section */
		32BFCAAA16FF1D3200C93D76 = {
			isa = PBXGroup;
			children = (
				32CCBC61174557BC00583BAA /* CMakeLists.txt */,
				32BFCAB516FF1D3200C93D76 /* MemcachedEmbeddedTest */,
				32CCBC591745572B00583BAA /* LockfreeCacheEmbeddedTest */,
				32BFCAB416FF1D3200C93D76 /* Products */,
			);
			sourceTree = "<group>";
		};
		32BFCAB416FF1D3200C93D76 /* Products */ = {
			isa = PBXGroup;
			children = (
				32BFCAB316FF1D3200C93D76 /* MemcachedEmbeddedTest */,
				32CCBC581745572B00583BAA /* LockfreeCacheEmbeddedTest */,
			);
			name = Products;
			sourceTree = "<group>";
		};
		32BFCAB516FF1D3200C93D76 /* MemcachedEmbeddedTest */ = {
			isa = PBXGroup;
			children = (
				32BFCAB616FF1D3200C93D76 /* main.cpp */,
				32BFCAB816FF1D3200C93D76 /* MemcachedEmbeddedTest.1 */,
			);
			path = MemcachedEmbeddedTest;
			sourceTree = "<group>";
		};
		32CCBC591745572B00583BAA /* LockfreeCacheEmbeddedTest */ = {
			isa = PBXGroup;
			children = (
				32CCBC5A1745572B00583BAA /* main.cpp */,
				32CCBC5C1745572B00583BAA /* LockfreeCacheEmbeddedTest.1 */,
			);
			path = LockfreeCacheEmbeddedTest;
			sourceTree = "<group>";
		};
/* End PBXGroup section */

/* Begin PBXNativeTarget section */
		32BFCAB216FF1D3200C93D76 /* MemcachedEmbeddedTest */ = {
			isa = PBXNativeTarget;
			buildConfigurationList = 32BFCABC16FF1D3200C93D76 /* Build configuration list for PBXNativeTarget "MemcachedEmbeddedTest" */;
			buildPhases = (
				32BFCAAF16FF1D3200C93D76 /* Sources */,
				32BFCAB016FF1D3200C93D76 /* Frameworks */,
				32BFCAB116FF1D3200C93D76 /* CopyFiles */,
			);
			buildRules = (
			);
			dependencies = (
			);
			name = MemcachedEmbeddedTest;
			productName = MemcachedEmbeddedTest;
			productReference = 32BFCAB316FF1D3200C93D76 /* MemcachedEmbeddedTest */;
			productType = "com.apple.product-type.tool";
		};
		32CCBC571745572B00583BAA /* LockfreeCacheEmbeddedTest */ = {
			isa = PBXNativeTarget;
			buildConfigurationList = 32CCBC601745572B00583BAA /* Build configuration list for PBXNativeTarget "LockfreeCacheEmbeddedTest" */;
			buildPhases = (
				32CCBC541745572B00583BAA /* Sources */,
				32CCBC551745572B00583BAA /* Frameworks */,
				32CCBC561745572B00583BAA /* CopyFiles */,
			);
			buildRules = (
			);
			dependencies = (
			);
			name = LockfreeCacheEmbeddedTest;
			productName = LockfreeCacheEmbeddedTest;
			productReference = 32CCBC581745572B00583BAA /* LockfreeCacheEmbeddedTest */;
			productType = "com.apple.product-type.tool";
		};
/* End PBXNativeTarget section */

/* Begin PBXProject section */
		32BFCAAB16FF1D3200C93D76 /* Project object */ = {
			isa = PBXProject;
			attributes = {
				LastUpgradeCheck = 0460;
				ORGANIZATIONNAME = "Claudio Bisegni";
			};
			buildConfigurationList = 32BFCAAE16FF1D3200C93D76 /* Build configuration list for PBXProject "MemcachedEmbeddedTest" */;
			compatibilityVersion = "Xcode 3.2";
			developmentRegion = English;
			hasScannedForEncodings = 0;
			knownRegions = (
				en,
			);
			mainGroup = 32BFCAAA16FF1D3200C93D76;
			productRefGroup = 32BFCAB416FF1D3200C93D76 /* Products */;
			projectDirPath = "";
			projectRoot = "";
			targets = (
				32BFCAB216FF1D3200C93D76 /* MemcachedEmbeddedTest */,
				32CCBC571745572B00583BAA /* LockfreeCacheEmbeddedTest */,
			);
		};
/* End PBXProject section */

/* Begin PBXSourcesBuildPhase section */
		32BFCAAF16FF1D3200C93D76 /* Sources */ = {
			isa = PBXSourcesBuildPhase;
			buildActionMask = 2147483647;
			files = (
				32BFCAB716FF1D3200C93D76 /* main.cpp in Sources */,
			);
			runOnlyForDeploymentPostprocessing = 0;
		};
		32CCBC541745572B00583BAA /* Sources */ = {
			isa = PBXSourcesBuildPhase;
			buildActionMask = 2147483647;
			files = (
				32CCBC5B1745572B00583BAA /* main.cpp in Sources */,
			);
			runOnlyForDeploymentPostprocessing = 0;
		};
/* End PBXSourcesBuildPhase section */

/* Begin XCBuildConfiguration section */
		32BFCABA16FF1D3200C93D76 /* Debug */ = {
			isa = XCBuildConfiguration;
			buildSettings = {
				ALWAYS_SEARCH_USER_PATHS = NO;
				ARCHS = "$(ARCHS_STANDARD_64_BIT)";
				CLANG_CXX_LANGUAGE_STANDARD = "gnu++0x";
				CLANG_CXX_LIBRARY = "libc++";
				CLANG_WARN_CONSTANT_CONVERSION = YES;
				CLANG_WARN_EMPTY_BODY = YES;
				CLANG_WARN_ENUM_CONVERSION = YES;
				CLANG_WARN_INT_CONVERSION = YES;
				CLANG_WARN__DUPLICATE_METHOD_MATCH = YES;
				COPY_PHASE_STRIP = NO;
				GCC_C_LANGUAGE_STANDARD = gnu99;
				GCC_DYNAMIC_NO_PIC = NO;
				GCC_ENABLE_OBJC_EXCEPTIONS = YES;
				GCC_OPTIMIZATION_LEVEL = 0;
				GCC_PREPROCESSOR_DEFINITIONS = (
					"DEBUG=1",
					"$(inherited)",
				);
				GCC_SYMBOLS_PRIVATE_EXTERN = NO;
				GCC_WARN_64_TO_32_BIT_CONVERSION = YES;
				GCC_WARN_ABOUT_RETURN_TYPE = YES;
				GCC_WARN_UNINITIALIZED_AUTOS = YES;
				GCC_WARN_UNUSED_VARIABLE = YES;
				MACOSX_DEPLOYMENT_TARGET = 10.8;
				ONLY_ACTIVE_ARCH = YES;
				SDKROOT = macosx;
			};
			name = Debug;
		};
		32BFCABB16FF1D3200C93D76 /* Release */ = {
			isa = XCBuildConfiguration;
			buildSettings = {
				ALWAYS_SEARCH_USER_PATHS = NO;
				ARCHS = "$(ARCHS_STANDARD_64_BIT)";
				CLANG_CXX_LANGUAGE_STANDARD = "gnu++0x";
				CLANG_CXX_LIBRARY = "libc++";
				CLANG_WARN_CONSTANT_CONVERSION = YES;
				CLANG_WARN_EMPTY_BODY = YES;
				CLANG_WARN_ENUM_CONVERSION = YES;
				CLANG_WARN_INT_CONVERSION = YES;
				CLANG_WARN__DUPLICATE_METHOD_MATCH = YES;
				COPY_PHASE_STRIP = YES;
				DEBUG_INFORMATION_FORMAT = "dwarf-with-dsym";
				GCC_C_LANGUAGE_STANDARD = gnu99;
				GCC_ENABLE_OBJC_EXCEPTIONS = YES;
				GCC_WARN_64_TO_32_BIT_CONVERSION = YES;
				GCC_WARN_ABOUT_RETURN_TYPE = YES;
				GCC_WARN_UNINITIALIZED_AUTOS = YES;
				GCC_WARN_UNUSED_VARIABLE = YES;
				MACOSX_DEPLOYMENT_TARGET = 10.8;
				SDKROOT = macosx;
			};
			name = Release;
		};
		32BFCABD16FF1D3200C93D76 /* Debug */ = {
			isa = XCBuildConfiguration;
			buildSettings = {
				GCC_VERSION = com.apple.compilers.llvmgcc42;
				HEADER_SEARCH_PATHS = (
					../../,
					../../usr/local/include,
					/usr/local/include,
				);
				LIBRARY_SEARCH_PATHS = (
					/usr/local/lib,
					"\"$(SRCROOT)/../../usr/local/lib",
				);
				OTHER_LDFLAGS = (
					"-lboost_chrono",
					"-lboost_system",
					"-lboost_thread",
					"-lboost_program_options",
					"-lboost_regex",
					"-lboost_filesystem",
					"-lboost_log",
					"-lchaos_common",
					"-lboost_log_setup",
					"-lboost_timer",
				);
				PRODUCT_NAME = "$(TARGET_NAME)";
			};
			name = Debug;
		};
		32BFCABE16FF1D3200C93D76 /* Release */ = {
			isa = XCBuildConfiguration;
			buildSettings = {
				GCC_VERSION = com.apple.compilers.llvmgcc42;
				HEADER_SEARCH_PATHS = (
					../../,
					../../usr/local/include,
					/usr/local/include,
				);
				LIBRARY_SEARCH_PATHS = (
					/usr/local/lib,
					"\"$(SRCROOT)/../../usr/local/lib",
				);
				OTHER_LDFLAGS = (
					"-lboost_chrono",
					"-lboost_system",
					"-lboost_thread",
					"-lboost_program_options",
					"-lboost_regex",
					"-lboost_filesystem",
					"-lboost_log",
					"-lchaos_common",
					"-lboost_log_setup",
					"-lboost_timer",
				);
				PRODUCT_NAME = "$(TARGET_NAME)";
			};
			name = Release;
		};
		32CCBC5E1745572B00583BAA /* Debug */ = {
			isa = XCBuildConfiguration;
			buildSettings = {
				GCC_VERSION = com.apple.compilers.llvmgcc42;
				HEADER_SEARCH_PATHS = (
					../../,
					../../usr/local/include,
					/usr/local/include,
				);
				LIBRARY_SEARCH_PATHS = (
					/usr/local/lib,
					"\"$(SRCROOT)/../../usr/local/lib",
				);
				OTHER_LDFLAGS = (
					"-lboost_chrono",
					"-lboost_system",
					"-lboost_thread",
					"-lboost_regex",
					"-lboost_filesystem",
					"-lboost_log",
					"-lchaos_common",
					"-lboost_log_setup",
					"-lboost_timer",
					"-lboost_program_options",
				);
				PRODUCT_NAME = "$(TARGET_NAME)";
			};
			name = Debug;
		};
		32CCBC5F1745572B00583BAA /* Release */ = {
			isa = XCBuildConfiguration;
			buildSettings = {
				GCC_VERSION = com.apple.compilers.llvmgcc42;
				HEADER_SEARCH_PATHS = (
					../../,
					../../usr/local/include,
					/usr/local/include,
				);
				LIBRARY_SEARCH_PATHS = (
					/usr/local/lib,
					"\"$(SRCROOT)/../../usr/local/lib",
				);
				OTHER_LDFLAGS = (
					"-lboost_chrono",
					"-lboost_system",
					"-lboost_thread",
					"-lboost_regex",
					"-lboost_filesystem",
					"-lboost_log",
					"-lchaos_common",
					"-lboost_log_setup",
					"-lboost_timer",
					"-lboost_program_options",
				);
				PRODUCT_NAME = "$(TARGET_NAME)";
			};
			name = Release;
		};
/* End XCBuildConfiguration section */

/* Begin XCConfigurationList section */
		32BFCAAE16FF1D3200C93D76 /* Build configuration list for PBXProject "MemcachedEmbeddedTest" */ = {
			isa = XCConfigurationList;
			buildConfigurations = (
				32BFCABA16FF1D3200C93D76 /* Debug */,
				32BFCABB16FF1D3200C93D76 /* Release */,
			);
			defaultConfigurationIsVisible = 0;
			defaultConfigurationName = Release;
		};
		32BFCABC16FF1D3200C93D76 /* Build configuration list for PBXNativeTarget "MemcachedEmbeddedTest" */ = {
			isa = XCConfigurationList;
			buildConfigurations = (
				32BFCABD16FF1D3200C93D76 /* Debug */,
				32BFCABE16FF1D3200C93D76 /* Release */,
			);
			defaultConfigurationIsVisible = 0;
			defaultConfigurationName = Release;
		};
		32CCBC601745572B00583BAA /* Build configuration list for PBXNativeTarget "LockfreeCacheEmbeddedTest" */ = {
			isa = XCConfigurationList;
			buildConfigurations = (
				32CCBC5E1745572B00583BAA /* Debug */,
				32CCBC5F1745572B00583BAA /* Release */,
			);
			defaultConfigurationIsVisible = 0;
			defaultConfigurationName = Release;
		};
/* End XCConfigurationList section */
	};
	rootObject = 32BFCAAB16FF1D3200C93D76 /* Project object */;
}
