// !$*UTF8*$!
{
	archiveVersion = 1;
	classes = {
	};
	objectVersion = 46;
	objects = {

/* Begin PBXBuildFile section */
		325CA6BF15EE2D5E007FCC12 /* libchaos_uitoolkit.dylib in Frameworks */ = {isa = PBXBuildFile; fileRef = 325CA6BE15EE2D5E007FCC12 /* libchaos_uitoolkit.dylib */; };
		32DD889615E2CEAC000AF740 /* main.cpp in Sources */ = {isa = PBXBuildFile; fileRef = 32DD889515E2CEAC000AF740 /* main.cpp */; };
		32DD88A415E2CFCD000AF740 /* libchaos_common.dylib in Frameworks */ = {isa = PBXBuildFile; fileRef = 32DD88A315E2CFCD000AF740 /* libchaos_common.dylib */; };
/* End PBXBuildFile section */

/* Begin PBXCopyFilesBuildPhase section */
		32DD888F15E2CEAC000AF740 /* CopyFiles */ = {
			isa = PBXCopyFilesBuildPhase;
			buildActionMask = 2147483647;
			dstPath = /usr/share/man/man1/;
			dstSubfolderSpec = 0;
			files = (
			);
			runOnlyForDeploymentPostprocessing = 1;
		};
/* End PBXCopyFilesBuildPhase section */

/* Begin PBXFileReference section */
		325CA6BE15EE2D5E007FCC12 /* libchaos_uitoolkit.dylib */ = {isa = PBXFileReference; lastKnownFileType = "compiled.mach-o.dylib"; name = libchaos_uitoolkit.dylib; path = ../../DerivedData/CHAOSWorkspace/Build/Products/Debug/libchaos_uitoolkit.dylib; sourceTree = "<group>"; };
		32DD889115E2CEAC000AF740 /* TestEventDescriptor */ = {isa = PBXFileReference; explicitFileType = "compiled.mach-o.executable"; includeInIndex = 0; path = TestEventDescriptor; sourceTree = BUILT_PRODUCTS_DIR; };
		32DD889515E2CEAC000AF740 /* main.cpp */ = {isa = PBXFileReference; lastKnownFileType = sourcecode.cpp.cpp; path = main.cpp; sourceTree = "<group>"; };
		32DD88A315E2CFCD000AF740 /* libchaos_common.dylib */ = {isa = PBXFileReference; lastKnownFileType = "compiled.mach-o.dylib"; name = libchaos_common.dylib; path = ../../DerivedData/CHAOSWorkspace/Build/Products/Debug/libchaos_common.dylib; sourceTree = "<group>"; };
/* End PBXFileReference section */

/* Begin PBXFrameworksBuildPhase section */
		32DD888E15E2CEAC000AF740 /* Frameworks */ = {
			isa = PBXFrameworksBuildPhase;
			buildActionMask = 2147483647;
			files = (
				325CA6BF15EE2D5E007FCC12 /* libchaos_uitoolkit.dylib in Frameworks */,
				32DD88A415E2CFCD000AF740 /* libchaos_common.dylib in Frameworks */,
			);
			runOnlyForDeploymentPostprocessing = 0;
		};
/* End PBXFrameworksBuildPhase section */

/* Begin PBXGroup section */
		32DD888615E2CEAC000AF740 = {
			isa = PBXGroup;
			children = (
				325CA6BE15EE2D5E007FCC12 /* libchaos_uitoolkit.dylib */,
				32DD88A315E2CFCD000AF740 /* libchaos_common.dylib */,
				32DD889415E2CEAC000AF740 /* TestEventDescriptor */,
				32DD889215E2CEAC000AF740 /* Products */,
			);
			sourceTree = "<group>";
		};
		32DD889215E2CEAC000AF740 /* Products */ = {
			isa = PBXGroup;
			children = (
				32DD889115E2CEAC000AF740 /* TestEventDescriptor */,
			);
			name = Products;
			sourceTree = "<group>";
		};
		32DD889415E2CEAC000AF740 /* TestEventDescriptor */ = {
			isa = PBXGroup;
			children = (
				32DD889515E2CEAC000AF740 /* main.cpp */,
			);
			path = TestEventDescriptor;
			sourceTree = "<group>";
		};
/* End PBXGroup section */

/* Begin PBXNativeTarget section */
		32DD889015E2CEAC000AF740 /* TestEventDescriptor */ = {
			isa = PBXNativeTarget;
			buildConfigurationList = 32DD889B15E2CEAC000AF740 /* Build configuration list for PBXNativeTarget "TestEventDescriptor" */;
			buildPhases = (
				32DD888D15E2CEAC000AF740 /* Sources */,
				32DD888E15E2CEAC000AF740 /* Frameworks */,
				32DD888F15E2CEAC000AF740 /* CopyFiles */,
			);
			buildRules = (
			);
			dependencies = (
			);
			name = TestEventDescriptor;
			productName = TestEventDescriptor;
			productReference = 32DD889115E2CEAC000AF740 /* TestEventDescriptor */;
			productType = "com.apple.product-type.tool";
		};
/* End PBXNativeTarget section */

/* Begin PBXProject section */
		32DD888815E2CEAC000AF740 /* Project object */ = {
			isa = PBXProject;
			attributes = {
				LastUpgradeCheck = 0450;
				ORGANIZATIONNAME = "Claudio Bisegni";
			};
			buildConfigurationList = 32DD888B15E2CEAC000AF740 /* Build configuration list for PBXProject "TestEventDescriptor" */;
			compatibilityVersion = "Xcode 3.2";
			developmentRegion = English;
			hasScannedForEncodings = 0;
			knownRegions = (
				en,
			);
			mainGroup = 32DD888615E2CEAC000AF740;
			productRefGroup = 32DD889215E2CEAC000AF740 /* Products */;
			projectDirPath = "";
			projectRoot = "";
			targets = (
				32DD889015E2CEAC000AF740 /* TestEventDescriptor */,
			);
		};
/* End PBXProject section */

/* Begin PBXSourcesBuildPhase section */
		32DD888D15E2CEAC000AF740 /* Sources */ = {
			isa = PBXSourcesBuildPhase;
			buildActionMask = 2147483647;
			files = (
				32DD889615E2CEAC000AF740 /* main.cpp in Sources */,
			);
			runOnlyForDeploymentPostprocessing = 0;
		};
/* End PBXSourcesBuildPhase section */

/* Begin XCBuildConfiguration section */
		32DD889915E2CEAC000AF740 /* Debug */ = {
			isa = XCBuildConfiguration;
			buildSettings = {
				ALWAYS_SEARCH_USER_PATHS = NO;
				ARCHS = "$(ARCHS_STANDARD_64_BIT)";
				CLANG_CXX_LANGUAGE_STANDARD = "gnu++0x";
				CLANG_CXX_LIBRARY = "libc++";
				CLANG_WARN__DUPLICATE_METHOD_MATCH = YES;
				COPY_PHASE_STRIP = NO;
				GCC_C_LANGUAGE_STANDARD = gnu99;
				GCC_DYNAMIC_NO_PIC = NO;
				GCC_ENABLE_OBJC_EXCEPTIONS = YES;
				GCC_OPTIMIZATION_LEVEL = 0;
				GCC_PREPROCESSOR_DEFINITIONS = (
					"DEBUG=1",
					"$(inherited)",
				);
				GCC_SYMBOLS_PRIVATE_EXTERN = NO;
				GCC_WARN_64_TO_32_BIT_CONVERSION = YES;
				GCC_WARN_ABOUT_RETURN_TYPE = YES;
				GCC_WARN_UNINITIALIZED_AUTOS = YES;
				GCC_WARN_UNUSED_VARIABLE = YES;
				MACOSX_DEPLOYMENT_TARGET = 10.7;
				ONLY_ACTIVE_ARCH = YES;
				SDKROOT = macosx;
			};
			name = Debug;
		};
		32DD889A15E2CEAC000AF740 /* Release */ = {
			isa = XCBuildConfiguration;
			buildSettings = {
				ALWAYS_SEARCH_USER_PATHS = NO;
				ARCHS = "$(ARCHS_STANDARD_64_BIT)";
				CLANG_CXX_LANGUAGE_STANDARD = "gnu++0x";
				CLANG_CXX_LIBRARY = "libc++";
				CLANG_WARN__DUPLICATE_METHOD_MATCH = YES;
				COPY_PHASE_STRIP = YES;
				DEBUG_INFORMATION_FORMAT = "dwarf-with-dsym";
				GCC_C_LANGUAGE_STANDARD = gnu99;
				GCC_ENABLE_OBJC_EXCEPTIONS = YES;
				GCC_WARN_64_TO_32_BIT_CONVERSION = YES;
				GCC_WARN_ABOUT_RETURN_TYPE = YES;
				GCC_WARN_UNINITIALIZED_AUTOS = YES;
				GCC_WARN_UNUSED_VARIABLE = YES;
				MACOSX_DEPLOYMENT_TARGET = 10.7;
				SDKROOT = macosx;
			};
			name = Release;
		};
		32DD889C15E2CEAC000AF740 /* Debug */ = {
			isa = XCBuildConfiguration;
			buildSettings = {
				HEADER_SEARCH_PATHS = (
					../../,
					/usr/local/include,
				);
				LIBRARY_SEARCH_PATHS = (
					"$(inherited)",
					"\"$(SRCROOT)/../../DerivedData/CHAOSWorkspace/Build/Products/Debug\"",
					/usr/local/lib,
				);
				OTHER_LDFLAGS = (
					"-lboost_chrono",
					"-lmemcached",
					"-lboost_system",
					"-lboost_thread",
					"-lboost_program_options",
					"-lboost_regex",
					"-lboost_filesystem",
					"-lmpio",
					"-lmsgpack",
					"-lmsgpack-rpc",
					"-lboost_log",
					"-lboost_log_setup",
				);
				PRODUCT_NAME = "$(TARGET_NAME)";
				SDKROOT = macosx10.7;
			};
			name = Debug;
		};
		32DD889D15E2CEAC000AF740 /* Release */ = {
			isa = XCBuildConfiguration;
			buildSettings = {
				HEADER_SEARCH_PATHS = (
					../../,
					/usr/local/include,
				);
				LIBRARY_SEARCH_PATHS = (
					"$(inherited)",
					"\"$(SRCROOT)/../../DerivedData/CHAOSWorkspace/Build/Products/Debug\"",
					/usr/local/lib,
				);
				OTHER_LDFLAGS = (
					"-lboost_chrono",
					"-lmemcached",
					"-lboost_system",
					"-lboost_thread",
					"-lboost_program_options",
					"-lboost_regex",
					"-lboost_filesystem",
					"-lmpio",
					"-lmsgpack",
					"-lmsgpack-rpc",
					"-lboost_log",
					"-lboost_log_setup",
				);
				PRODUCT_NAME = "$(TARGET_NAME)";
				SDKROOT = macosx10.7;
			};
			name = Release;
		};
/* End XCBuildConfiguration section */

/* Begin XCConfigurationList section */
		32DD888B15E2CEAC000AF740 /* Build configuration list for PBXProject "TestEventDescriptor" */ = {
			isa = XCConfigurationList;
			buildConfigurations = (
				32DD889915E2CEAC000AF740 /* Debug */,
				32DD889A15E2CEAC000AF740 /* Release */,
			);
			defaultConfigurationIsVisible = 0;
			defaultConfigurationName = Release;
		};
		32DD889B15E2CEAC000AF740 /* Build configuration list for PBXNativeTarget "TestEventDescriptor" */ = {
			isa = XCConfigurationList;
			buildConfigurations = (
				32DD889C15E2CEAC000AF740 /* Debug */,
				32DD889D15E2CEAC000AF740 /* Release */,
			);
			defaultConfigurationIsVisible = 0;
			defaultConfigurationName = Release;
		};
/* End XCConfigurationList section */
	};
	rootObject = 32DD888815E2CEAC000AF740 /* Project object */;
}
